// !$*UTF8*$!
{
	archiveVersion = 1;
	classes = {
	};
	objectVersion = 56;
	objects = {

/* Begin PBXBuildFile section */
		77E9D1222C2AA768005662F8 /* LittleLemonDinnerMenuApp.swift in Sources */ = {isa = PBXBuildFile; fileRef = 77E9D1212C2AA768005662F8 /* LittleLemonDinnerMenuApp.swift */; };
		77E9D1242C2AA768005662F8 /* ContentView.swift in Sources */ = {isa = PBXBuildFile; fileRef = 77E9D1232C2AA768005662F8 /* ContentView.swift */; };
		77E9D1262C2AA76A005662F8 /* Assets.xcassets in Resources */ = {isa = PBXBuildFile; fileRef = 77E9D1252C2AA76A005662F8 /* Assets.xcassets */; };
		77E9D1292C2AA76A005662F8 /* Preview Assets.xcassets in Resources */ = {isa = PBXBuildFile; fileRef = 77E9D1282C2AA76A005662F8 /* Preview Assets.xcassets */; };
		77E9D1332C2AA76A005662F8 /* LittleLemonDinnerMenuTests.swift in Sources */ = {isa = PBXBuildFile; fileRef = 77E9D1322C2AA76A005662F8 /* LittleLemonDinnerMenuTests.swift */; };
		77E9D13D2C2AA76A005662F8 /* LittleLemonDinnerMenuUITests.swift in Sources */ = {isa = PBXBuildFile; fileRef = 77E9D13C2C2AA76A005662F8 /* LittleLemonDinnerMenuUITests.swift */; };
		77E9D13F2C2AA76A005662F8 /* LittleLemonDinnerMenuUITestsLaunchTests.swift in Sources */ = {isa = PBXBuildFile; fileRef = 77E9D13E2C2AA76A005662F8 /* LittleLemonDinnerMenuUITestsLaunchTests.swift */; };
		77E9D1582C2BAC5F005662F8 /* MenuItemsView.swift in Sources */ = {isa = PBXBuildFile; fileRef = 77E9D1572C2BAC5F005662F8 /* MenuItemsView.swift */; };
		77E9D15A2C2BAC6A005662F8 /* MenuItemsOptionView.swift in Sources */ = {isa = PBXBuildFile; fileRef = 77E9D1592C2BAC6A005662F8 /* MenuItemsOptionView.swift */; };
		77E9D15C2C2BAC75005662F8 /* MenuItemDetailsView.swift in Sources */ = {isa = PBXBuildFile; fileRef = 77E9D15B2C2BAC75005662F8 /* MenuItemDetailsView.swift */; };
		77E9D15E2C2BD081005662F8 /* MenuCategory.swift in Sources */ = {isa = PBXBuildFile; fileRef = 77E9D15D2C2BD081005662F8 /* MenuCategory.swift */; };
		77E9D1602C2BD123005662F8 /* Ingredient.swift in Sources */ = {isa = PBXBuildFile; fileRef = 77E9D15F2C2BD123005662F8 /* Ingredient.swift */; };
		77E9D16A2C2CFF1E005662F8 /* MenuViewViewModel.swift in Sources */ = {isa = PBXBuildFile; fileRef = 77E9D1692C2CFF1E005662F8 /* MenuViewViewModel.swift */; };
		77E9D16C2C2D0262005662F8 /* SortBy.swift in Sources */ = {isa = PBXBuildFile; fileRef = 77E9D16B2C2D0262005662F8 /* SortBy.swift */; };
		77E9D16E2C2D0663005662F8 /* MenuItem.swift in Sources */ = {isa = PBXBuildFile; fileRef = 77E9D16D2C2D0663005662F8 /* MenuItem.swift */; };
		77FCC4F72C2D11D60089C12B /* MenuGridView.swift in Sources */ = {isa = PBXBuildFile; fileRef = 77FCC4F62C2D11D60089C12B /* MenuGridView.swift */; };
		77FCC4F92C2D12620089C12B /* ItemView.swift in Sources */ = {isa = PBXBuildFile; fileRef = 77FCC4F82C2D12620089C12B /* ItemView.swift */; };
		77FCC4FB2C2D213D0089C12B /* MenuItemTests.swift in Sources */ = {isa = PBXBuildFile; fileRef = 77FCC4FA2C2D213D0089C12B /* MenuItemTests.swift */; };
/* End PBXBuildFile section */

/* Begin PBXContainerItemProxy section */
		77E9D12F2C2AA76A005662F8 /* PBXContainerItemProxy */ = {
			isa = PBXContainerItemProxy;
			containerPortal = 77E9D1162C2AA768005662F8 /* Project object */;
			proxyType = 1;
			remoteGlobalIDString = 77E9D11D2C2AA768005662F8;
			remoteInfo = LittleLemonDinnerMenu;
		};
		77E9D1392C2AA76A005662F8 /* PBXContainerItemProxy */ = {
			isa = PBXContainerItemProxy;
			containerPortal = 77E9D1162C2AA768005662F8 /* Project object */;
			proxyType = 1;
			remoteGlobalIDString = 77E9D11D2C2AA768005662F8;
			remoteInfo = LittleLemonDinnerMenu;
		};
/* End PBXContainerItemProxy section */

/* Begin PBXFileReference section */
		77E9D11E2C2AA768005662F8 /* LittleLemonDinnerMenu.app */ = {isa = PBXFileReference; explicitFileType = wrapper.application; includeInIndex = 0; path = LittleLemonDinnerMenu.app; sourceTree = BUILT_PRODUCTS_DIR; };
		77E9D1212C2AA768005662F8 /* LittleLemonDinnerMenuApp.swift */ = {isa = PBXFileReference; lastKnownFileType = sourcecode.swift; path = LittleLemonDinnerMenuApp.swift; sourceTree = "<group>"; };
		77E9D1232C2AA768005662F8 /* ContentView.swift */ = {isa = PBXFileReference; lastKnownFileType = sourcecode.swift; path = ContentView.swift; sourceTree = "<group>"; };
		77E9D1252C2AA76A005662F8 /* Assets.xcassets */ = {isa = PBXFileReference; lastKnownFileType = folder.assetcatalog; path = Assets.xcassets; sourceTree = "<group>"; };
		77E9D1282C2AA76A005662F8 /* Preview Assets.xcassets */ = {isa = PBXFileReference; lastKnownFileType = folder.assetcatalog; path = "Preview Assets.xcassets"; sourceTree = "<group>"; };
		77E9D12E2C2AA76A005662F8 /* LittleLemonDinnerMenuTests.xctest */ = {isa = PBXFileReference; explicitFileType = wrapper.cfbundle; includeInIndex = 0; path = LittleLemonDinnerMenuTests.xctest; sourceTree = BUILT_PRODUCTS_DIR; };
		77E9D1322C2AA76A005662F8 /* LittleLemonDinnerMenuTests.swift */ = {isa = PBXFileReference; lastKnownFileType = sourcecode.swift; path = LittleLemonDinnerMenuTests.swift; sourceTree = "<group>"; };
		77E9D1382C2AA76A005662F8 /* LittleLemonDinnerMenuUITests.xctest */ = {isa = PBXFileReference; explicitFileType = wrapper.cfbundle; includeInIndex = 0; path = LittleLemonDinnerMenuUITests.xctest; sourceTree = BUILT_PRODUCTS_DIR; };
		77E9D13C2C2AA76A005662F8 /* LittleLemonDinnerMenuUITests.swift */ = {isa = PBXFileReference; lastKnownFileType = sourcecode.swift; path = LittleLemonDinnerMenuUITests.swift; sourceTree = "<group>"; };
		77E9D13E2C2AA76A005662F8 /* LittleLemonDinnerMenuUITestsLaunchTests.swift */ = {isa = PBXFileReference; lastKnownFileType = sourcecode.swift; path = LittleLemonDinnerMenuUITestsLaunchTests.swift; sourceTree = "<group>"; };
		77E9D1572C2BAC5F005662F8 /* MenuItemsView.swift */ = {isa = PBXFileReference; lastKnownFileType = sourcecode.swift; path = MenuItemsView.swift; sourceTree = "<group>"; };
		77E9D1592C2BAC6A005662F8 /* MenuItemsOptionView.swift */ = {isa = PBXFileReference; lastKnownFileType = sourcecode.swift; path = MenuItemsOptionView.swift; sourceTree = "<group>"; };
		77E9D15B2C2BAC75005662F8 /* MenuItemDetailsView.swift */ = {isa = PBXFileReference; lastKnownFileType = sourcecode.swift; path = MenuItemDetailsView.swift; sourceTree = "<group>"; };
		77E9D15D2C2BD081005662F8 /* MenuCategory.swift */ = {isa = PBXFileReference; lastKnownFileType = sourcecode.swift; path = MenuCategory.swift; sourceTree = "<group>"; };
		77E9D15F2C2BD123005662F8 /* Ingredient.swift */ = {isa = PBXFileReference; lastKnownFileType = sourcecode.swift; path = Ingredient.swift; sourceTree = "<group>"; };
		77E9D1692C2CFF1E005662F8 /* MenuViewViewModel.swift */ = {isa = PBXFileReference; lastKnownFileType = sourcecode.swift; path = MenuViewViewModel.swift; sourceTree = "<group>"; };
		77E9D16B2C2D0262005662F8 /* SortBy.swift */ = {isa = PBXFileReference; lastKnownFileType = sourcecode.swift; path = SortBy.swift; sourceTree = "<group>"; };
		77E9D16D2C2D0663005662F8 /* MenuItem.swift */ = {isa = PBXFileReference; lastKnownFileType = sourcecode.swift; path = MenuItem.swift; sourceTree = "<group>"; };
		77FCC4F62C2D11D60089C12B /* MenuGridView.swift */ = {isa = PBXFileReference; lastKnownFileType = sourcecode.swift; path = MenuGridView.swift; sourceTree = "<group>"; };
		77FCC4F82C2D12620089C12B /* ItemView.swift */ = {isa = PBXFileReference; lastKnownFileType = sourcecode.swift; path = ItemView.swift; sourceTree = "<group>"; };
		77FCC4FA2C2D213D0089C12B /* MenuItemTests.swift */ = {isa = PBXFileReference; lastKnownFileType = sourcecode.swift; path = MenuItemTests.swift; sourceTree = "<group>"; };
/* End PBXFileReference section */

/* Begin PBXFrameworksBuildPhase section */
		77E9D11B2C2AA768005662F8 /* Frameworks */ = {
			isa = PBXFrameworksBuildPhase;
			buildActionMask = 2147483647;
			files = (
			);
			runOnlyForDeploymentPostprocessing = 0;
		};
		77E9D12B2C2AA76A005662F8 /* Frameworks */ = {
			isa = PBXFrameworksBuildPhase;
			buildActionMask = 2147483647;
			files = (
			);
			runOnlyForDeploymentPostprocessing = 0;
		};
		77E9D1352C2AA76A005662F8 /* Frameworks */ = {
			isa = PBXFrameworksBuildPhase;
			buildActionMask = 2147483647;
			files = (
			);
			runOnlyForDeploymentPostprocessing = 0;
		};
/* End PBXFrameworksBuildPhase section */

/* Begin PBXGroup section */
		77E9D1152C2AA768005662F8 = {
			isa = PBXGroup;
			children = (
				77E9D1202C2AA768005662F8 /* LittleLemonDinnerMenu */,
				77E9D1312C2AA76A005662F8 /* LittleLemonDinnerMenuTests */,
				77E9D13B2C2AA76A005662F8 /* LittleLemonDinnerMenuUITests */,
				77E9D11F2C2AA768005662F8 /* Products */,
			);
			sourceTree = "<group>";
		};
		77E9D11F2C2AA768005662F8 /* Products */ = {
			isa = PBXGroup;
			children = (
				77E9D11E2C2AA768005662F8 /* LittleLemonDinnerMenu.app */,
				77E9D12E2C2AA76A005662F8 /* LittleLemonDinnerMenuTests.xctest */,
				77E9D1382C2AA76A005662F8 /* LittleLemonDinnerMenuUITests.xctest */,
			);
			name = Products;
			sourceTree = "<group>";
		};
		77E9D1202C2AA768005662F8 /* LittleLemonDinnerMenu */ = {
			isa = PBXGroup;
			children = (
				77E9D1712C2D1012005662F8 /* UI Model */,
				77E9D1702C2D0FF2005662F8 /* UI */,
				77E9D16F2C2D0FC6005662F8 /* Model */,
				77E9D1212C2AA768005662F8 /* LittleLemonDinnerMenuApp.swift */,
				77E9D1232C2AA768005662F8 /* ContentView.swift */,
				77E9D1252C2AA76A005662F8 /* Assets.xcassets */,
				77E9D1272C2AA76A005662F8 /* Preview Content */,
			);
			path = LittleLemonDinnerMenu;
			sourceTree = "<group>";
		};
		77E9D1272C2AA76A005662F8 /* Preview Content */ = {
			isa = PBXGroup;
			children = (
				77E9D1282C2AA76A005662F8 /* Preview Assets.xcassets */,
			);
			path = "Preview Content";
			sourceTree = "<group>";
		};
		77E9D1312C2AA76A005662F8 /* LittleLemonDinnerMenuTests */ = {
			isa = PBXGroup;
			children = (
				77E9D1322C2AA76A005662F8 /* LittleLemonDinnerMenuTests.swift */,
				77FCC4FA2C2D213D0089C12B /* MenuItemTests.swift */,
			);
			path = LittleLemonDinnerMenuTests;
			sourceTree = "<group>";
		};
		77E9D13B2C2AA76A005662F8 /* LittleLemonDinnerMenuUITests */ = {
			isa = PBXGroup;
			children = (
				77E9D13C2C2AA76A005662F8 /* LittleLemonDinnerMenuUITests.swift */,
				77E9D13E2C2AA76A005662F8 /* LittleLemonDinnerMenuUITestsLaunchTests.swift */,
			);
			path = LittleLemonDinnerMenuUITests;
			sourceTree = "<group>";
		};
		77E9D16F2C2D0FC6005662F8 /* Model */ = {
			isa = PBXGroup;
			children = (
				77E9D16B2C2D0262005662F8 /* SortBy.swift */,
				77E9D16D2C2D0663005662F8 /* MenuItem.swift */,
				77E9D15D2C2BD081005662F8 /* MenuCategory.swift */,
				77E9D15F2C2BD123005662F8 /* Ingredient.swift */,
			);
			path = Model;
			sourceTree = "<group>";
		};
		77E9D1702C2D0FF2005662F8 /* UI */ = {
			isa = PBXGroup;
			children = (
				77E9D1572C2BAC5F005662F8 /* MenuItemsView.swift */,
				77E9D1592C2BAC6A005662F8 /* MenuItemsOptionView.swift */,
				77E9D15B2C2BAC75005662F8 /* MenuItemDetailsView.swift */,
				77FCC4F62C2D11D60089C12B /* MenuGridView.swift */,
				77FCC4F82C2D12620089C12B /* ItemView.swift */,
			);
			path = UI;
			sourceTree = "<group>";
		};
		77E9D1712C2D1012005662F8 /* UI Model */ = {
			isa = PBXGroup;
			children = (
				77E9D1692C2CFF1E005662F8 /* MenuViewViewModel.swift */,
			);
			path = "UI Model";
			sourceTree = "<group>";
		};
/* End PBXGroup section */

/* Begin PBXNativeTarget section */
		77E9D11D2C2AA768005662F8 /* LittleLemonDinnerMenu */ = {
			isa = PBXNativeTarget;
			buildConfigurationList = 77E9D1422C2AA76A005662F8 /* Build configuration list for PBXNativeTarget "LittleLemonDinnerMenu" */;
			buildPhases = (
				77E9D11A2C2AA768005662F8 /* Sources */,
				77E9D11B2C2AA768005662F8 /* Frameworks */,
				77E9D11C2C2AA768005662F8 /* Resources */,
			);
			buildRules = (
			);
			dependencies = (
			);
			name = LittleLemonDinnerMenu;
			productName = LittleLemonDinnerMenu;
			productReference = 77E9D11E2C2AA768005662F8 /* LittleLemonDinnerMenu.app */;
			productType = "com.apple.product-type.application";
		};
		77E9D12D2C2AA76A005662F8 /* LittleLemonDinnerMenuTests */ = {
			isa = PBXNativeTarget;
			buildConfigurationList = 77E9D1452C2AA76A005662F8 /* Build configuration list for PBXNativeTarget "LittleLemonDinnerMenuTests" */;
			buildPhases = (
				77E9D12A2C2AA76A005662F8 /* Sources */,
				77E9D12B2C2AA76A005662F8 /* Frameworks */,
				77E9D12C2C2AA76A005662F8 /* Resources */,
			);
			buildRules = (
			);
			dependencies = (
				77E9D1302C2AA76A005662F8 /* PBXTargetDependency */,
			);
			name = LittleLemonDinnerMenuTests;
			productName = LittleLemonDinnerMenuTests;
			productReference = 77E9D12E2C2AA76A005662F8 /* LittleLemonDinnerMenuTests.xctest */;
			productType = "com.apple.product-type.bundle.unit-test";
		};
		77E9D1372C2AA76A005662F8 /* LittleLemonDinnerMenuUITests */ = {
			isa = PBXNativeTarget;
			buildConfigurationList = 77E9D1482C2AA76A005662F8 /* Build configuration list for PBXNativeTarget "LittleLemonDinnerMenuUITests" */;
			buildPhases = (
				77E9D1342C2AA76A005662F8 /* Sources */,
				77E9D1352C2AA76A005662F8 /* Frameworks */,
				77E9D1362C2AA76A005662F8 /* Resources */,
			);
			buildRules = (
			);
			dependencies = (
				77E9D13A2C2AA76A005662F8 /* PBXTargetDependency */,
			);
			name = LittleLemonDinnerMenuUITests;
			productName = LittleLemonDinnerMenuUITests;
			productReference = 77E9D1382C2AA76A005662F8 /* LittleLemonDinnerMenuUITests.xctest */;
			productType = "com.apple.product-type.bundle.ui-testing";
		};
/* End PBXNativeTarget section */

/* Begin PBXProject section */
		77E9D1162C2AA768005662F8 /* Project object */ = {
			isa = PBXProject;
			attributes = {
				BuildIndependentTargetsInParallel = 1;
				LastSwiftUpdateCheck = 1540;
				LastUpgradeCheck = 1540;
				TargetAttributes = {
					77E9D11D2C2AA768005662F8 = {
						CreatedOnToolsVersion = 15.4;
					};
					77E9D12D2C2AA76A005662F8 = {
						CreatedOnToolsVersion = 15.4;
						TestTargetID = 77E9D11D2C2AA768005662F8;
					};
					77E9D1372C2AA76A005662F8 = {
						CreatedOnToolsVersion = 15.4;
						TestTargetID = 77E9D11D2C2AA768005662F8;
					};
				};
			};
			buildConfigurationList = 77E9D1192C2AA768005662F8 /* Build configuration list for PBXProject "LittleLemonDinnerMenu" */;
			compatibilityVersion = "Xcode 14.0";
			developmentRegion = en;
			hasScannedForEncodings = 0;
			knownRegions = (
				en,
				Base,
			);
			mainGroup = 77E9D1152C2AA768005662F8;
			productRefGroup = 77E9D11F2C2AA768005662F8 /* Products */;
			projectDirPath = "";
			projectRoot = "";
			targets = (
				77E9D11D2C2AA768005662F8 /* LittleLemonDinnerMenu */,
				77E9D12D2C2AA76A005662F8 /* LittleLemonDinnerMenuTests */,
				77E9D1372C2AA76A005662F8 /* LittleLemonDinnerMenuUITests */,
			);
		};
/* End PBXProject section */

/* Begin PBXResourcesBuildPhase section */
		77E9D11C2C2AA768005662F8 /* Resources */ = {
			isa = PBXResourcesBuildPhase;
			buildActionMask = 2147483647;
			files = (
				77E9D1292C2AA76A005662F8 /* Preview Assets.xcassets in Resources */,
				77E9D1262C2AA76A005662F8 /* Assets.xcassets in Resources */,
			);
			runOnlyForDeploymentPostprocessing = 0;
		};
		77E9D12C2C2AA76A005662F8 /* Resources */ = {
			isa = PBXResourcesBuildPhase;
			buildActionMask = 2147483647;
			files = (
			);
			runOnlyForDeploymentPostprocessing = 0;
		};
		77E9D1362C2AA76A005662F8 /* Resources */ = {
			isa = PBXResourcesBuildPhase;
			buildActionMask = 2147483647;
			files = (
			);
			runOnlyForDeploymentPostprocessing = 0;
		};
/* End PBXResourcesBuildPhase section */

/* Begin PBXSourcesBuildPhase section */
		77E9D11A2C2AA768005662F8 /* Sources */ = {
			isa = PBXSourcesBuildPhase;
			buildActionMask = 2147483647;
			files = (
				77E9D1242C2AA768005662F8 /* ContentView.swift in Sources */,
				77E9D1582C2BAC5F005662F8 /* MenuItemsView.swift in Sources */,
				77E9D1602C2BD123005662F8 /* Ingredient.swift in Sources */,
				77E9D1222C2AA768005662F8 /* LittleLemonDinnerMenuApp.swift in Sources */,
				77E9D15A2C2BAC6A005662F8 /* MenuItemsOptionView.swift in Sources */,
				77E9D15E2C2BD081005662F8 /* MenuCategory.swift in Sources */,
				77E9D16C2C2D0262005662F8 /* SortBy.swift in Sources */,
				77FCC4F92C2D12620089C12B /* ItemView.swift in Sources */,
				77E9D16A2C2CFF1E005662F8 /* MenuViewViewModel.swift in Sources */,
				77E9D15C2C2BAC75005662F8 /* MenuItemDetailsView.swift in Sources */,
				77FCC4F72C2D11D60089C12B /* MenuGridView.swift in Sources */,
				77E9D16E2C2D0663005662F8 /* MenuItem.swift in Sources */,
			);
			runOnlyForDeploymentPostprocessing = 0;
		};
		77E9D12A2C2AA76A005662F8 /* Sources */ = {
			isa = PBXSourcesBuildPhase;
			buildActionMask = 2147483647;
			files = (
				77E9D1332C2AA76A005662F8 /* LittleLemonDinnerMenuTests.swift in Sources */,
				77FCC4FB2C2D213D0089C12B /* MenuItemTests.swift in Sources */,
			);
			runOnlyForDeploymentPostprocessing = 0;
		};
		77E9D1342C2AA76A005662F8 /* Sources */ = {
			isa = PBXSourcesBuildPhase;
			buildActionMask = 2147483647;
			files = (
				77E9D13D2C2AA76A005662F8 /* LittleLemonDinnerMenuUITests.swift in Sources */,
				77E9D13F2C2AA76A005662F8 /* LittleLemonDinnerMenuUITestsLaunchTests.swift in Sources */,
			);
			runOnlyForDeploymentPostprocessing = 0;
		};
/* End PBXSourcesBuildPhase section */

/* Begin PBXTargetDependency section */
		77E9D1302C2AA76A005662F8 /* PBXTargetDependency */ = {
			isa = PBXTargetDependency;
			target = 77E9D11D2C2AA768005662F8 /* LittleLemonDinnerMenu */;
			targetProxy = 77E9D12F2C2AA76A005662F8 /* PBXContainerItemProxy */;
		};
		77E9D13A2C2AA76A005662F8 /* PBXTargetDependency */ = {
			isa = PBXTargetDependency;
			target = 77E9D11D2C2AA768005662F8 /* LittleLemonDinnerMenu */;
			targetProxy = 77E9D1392C2AA76A005662F8 /* PBXContainerItemProxy */;
		};
/* End PBXTargetDependency section */

/* Begin XCBuildConfiguration section */
		77E9D1402C2AA76A005662F8 /* Debug */ = {
			isa = XCBuildConfiguration;
			buildSettings = {
				ALWAYS_SEARCH_USER_PATHS = NO;
				ASSETCATALOG_COMPILER_GENERATE_SWIFT_ASSET_SYMBOL_EXTENSIONS = YES;
				CLANG_ANALYZER_NONNULL = YES;
				CLANG_ANALYZER_NUMBER_OBJECT_CONVERSION = YES_AGGRESSIVE;
				CLANG_CXX_LANGUAGE_STANDARD = "gnu++20";
				CLANG_ENABLE_MODULES = YES;
				CLANG_ENABLE_OBJC_ARC = YES;
				CLANG_ENABLE_OBJC_WEAK = YES;
				CLANG_WARN_BLOCK_CAPTURE_AUTORELEASING = YES;
				CLANG_WARN_BOOL_CONVERSION = YES;
				CLANG_WARN_COMMA = YES;
				CLANG_WARN_CONSTANT_CONVERSION = YES;
				CLANG_WARN_DEPRECATED_OBJC_IMPLEMENTATIONS = YES;
				CLANG_WARN_DIRECT_OBJC_ISA_USAGE = YES_ERROR;
				CLANG_WARN_DOCUMENTATION_COMMENTS = YES;
				CLANG_WARN_EMPTY_BODY = YES;
				CLANG_WARN_ENUM_CONVERSION = YES;
				CLANG_WARN_INFINITE_RECURSION = YES;
				CLANG_WARN_INT_CONVERSION = YES;
				CLANG_WARN_NON_LITERAL_NULL_CONVERSION = YES;
				CLANG_WARN_OBJC_IMPLICIT_RETAIN_SELF = YES;
				CLANG_WARN_OBJC_LITERAL_CONVERSION = YES;
				CLANG_WARN_OBJC_ROOT_CLASS = YES_ERROR;
				CLANG_WARN_QUOTED_INCLUDE_IN_FRAMEWORK_HEADER = YES;
				CLANG_WARN_RANGE_LOOP_ANALYSIS = YES;
				CLANG_WARN_STRICT_PROTOTYPES = YES;
				CLANG_WARN_SUSPICIOUS_MOVE = YES;
				CLANG_WARN_UNGUARDED_AVAILABILITY = YES_AGGRESSIVE;
				CLANG_WARN_UNREACHABLE_CODE = YES;
				CLANG_WARN__DUPLICATE_METHOD_MATCH = YES;
				COPY_PHASE_STRIP = NO;
				DEBUG_INFORMATION_FORMAT = dwarf;
				ENABLE_STRICT_OBJC_MSGSEND = YES;
				ENABLE_TESTABILITY = YES;
				ENABLE_USER_SCRIPT_SANDBOXING = YES;
				GCC_C_LANGUAGE_STANDARD = gnu17;
				GCC_DYNAMIC_NO_PIC = NO;
				GCC_NO_COMMON_BLOCKS = YES;
				GCC_OPTIMIZATION_LEVEL = 0;
				GCC_PREPROCESSOR_DEFINITIONS = (
					"DEBUG=1",
					"$(inherited)",
				);
				GCC_WARN_64_TO_32_BIT_CONVERSION = YES;
				GCC_WARN_ABOUT_RETURN_TYPE = YES_ERROR;
				GCC_WARN_UNDECLARED_SELECTOR = YES;
				GCC_WARN_UNINITIALIZED_AUTOS = YES_AGGRESSIVE;
				GCC_WARN_UNUSED_FUNCTION = YES;
				GCC_WARN_UNUSED_VARIABLE = YES;
				IPHONEOS_DEPLOYMENT_TARGET = 17.5;
				LOCALIZATION_PREFERS_STRING_CATALOGS = YES;
				MTL_ENABLE_DEBUG_INFO = INCLUDE_SOURCE;
				MTL_FAST_MATH = YES;
				ONLY_ACTIVE_ARCH = YES;
				SDKROOT = iphoneos;
				SWIFT_ACTIVE_COMPILATION_CONDITIONS = "DEBUG $(inherited)";
				SWIFT_OPTIMIZATION_LEVEL = "-Onone";
			};
			name = Debug;
		};
		77E9D1412C2AA76A005662F8 /* Release */ = {
			isa = XCBuildConfiguration;
			buildSettings = {
				ALWAYS_SEARCH_USER_PATHS = NO;
				ASSETCATALOG_COMPILER_GENERATE_SWIFT_ASSET_SYMBOL_EXTENSIONS = YES;
				CLANG_ANALYZER_NONNULL = YES;
				CLANG_ANALYZER_NUMBER_OBJECT_CONVERSION = YES_AGGRESSIVE;
				CLANG_CXX_LANGUAGE_STANDARD = "gnu++20";
				CLANG_ENABLE_MODULES = YES;
				CLANG_ENABLE_OBJC_ARC = YES;
				CLANG_ENABLE_OBJC_WEAK = YES;
				CLANG_WARN_BLOCK_CAPTURE_AUTORELEASING = YES;
				CLANG_WARN_BOOL_CONVERSION = YES;
				CLANG_WARN_COMMA = YES;
				CLANG_WARN_CONSTANT_CONVERSION = YES;
				CLANG_WARN_DEPRECATED_OBJC_IMPLEMENTATIONS = YES;
				CLANG_WARN_DIRECT_OBJC_ISA_USAGE = YES_ERROR;
				CLANG_WARN_DOCUMENTATION_COMMENTS = YES;
				CLANG_WARN_EMPTY_BODY = YES;
				CLANG_WARN_ENUM_CONVERSION = YES;
				CLANG_WARN_INFINITE_RECURSION = YES;
				CLANG_WARN_INT_CONVERSION = YES;
				CLANG_WARN_NON_LITERAL_NULL_CONVERSION = YES;
				CLANG_WARN_OBJC_IMPLICIT_RETAIN_SELF = YES;
				CLANG_WARN_OBJC_LITERAL_CONVERSION = YES;
				CLANG_WARN_OBJC_ROOT_CLASS = YES_ERROR;
				CLANG_WARN_QUOTED_INCLUDE_IN_FRAMEWORK_HEADER = YES;
				CLANG_WARN_RANGE_LOOP_ANALYSIS = YES;
				CLANG_WARN_STRICT_PROTOTYPES = YES;
				CLANG_WARN_SUSPICIOUS_MOVE = YES;
				CLANG_WARN_UNGUARDED_AVAILABILITY = YES_AGGRESSIVE;
				CLANG_WARN_UNREACHABLE_CODE = YES;
				CLANG_WARN__DUPLICATE_METHOD_MATCH = YES;
				COPY_PHASE_STRIP = NO;
				DEBUG_INFORMATION_FORMAT = "dwarf-with-dsym";
				ENABLE_NS_ASSERTIONS = NO;
				ENABLE_STRICT_OBJC_MSGSEND = YES;
				ENABLE_USER_SCRIPT_SANDBOXING = YES;
				GCC_C_LANGUAGE_STANDARD = gnu17;
				GCC_NO_COMMON_BLOCKS = YES;
				GCC_WARN_64_TO_32_BIT_CONVERSION = YES;
				GCC_WARN_ABOUT_RETURN_TYPE = YES_ERROR;
				GCC_WARN_UNDECLARED_SELECTOR = YES;
				GCC_WARN_UNINITIALIZED_AUTOS = YES_AGGRESSIVE;
				GCC_WARN_UNUSED_FUNCTION = YES;
				GCC_WARN_UNUSED_VARIABLE = YES;
				IPHONEOS_DEPLOYMENT_TARGET = 17.5;
				LOCALIZATION_PREFERS_STRING_CATALOGS = YES;
				MTL_ENABLE_DEBUG_INFO = NO;
				MTL_FAST_MATH = YES;
				SDKROOT = iphoneos;
				SWIFT_COMPILATION_MODE = wholemodule;
				VALIDATE_PRODUCT = YES;
			};
			name = Release;
		};
		77E9D1432C2AA76A005662F8 /* Debug */ = {
			isa = XCBuildConfiguration;
			buildSettings = {
				ASSETCATALOG_COMPILER_APPICON_NAME = AppIcon;
				ASSETCATALOG_COMPILER_GLOBAL_ACCENT_COLOR_NAME = AccentColor;
				CODE_SIGN_STYLE = Automatic;
				CURRENT_PROJECT_VERSION = 1;
				DEVELOPMENT_ASSET_PATHS = "\"LittleLemonDinnerMenu/Preview Content\"";
				DEVELOPMENT_TEAM = DMG8YS4ZJL;
				ENABLE_PREVIEWS = YES;
				GENERATE_INFOPLIST_FILE = YES;
				INFOPLIST_KEY_UIApplicationSceneManifest_Generation = YES;
				INFOPLIST_KEY_UIApplicationSupportsIndirectInputEvents = YES;
				INFOPLIST_KEY_UILaunchScreen_Generation = YES;
				INFOPLIST_KEY_UISupportedInterfaceOrientations_iPad = "UIInterfaceOrientationPortrait UIInterfaceOrientationPortraitUpsideDown UIInterfaceOrientationLandscapeLeft UIInterfaceOrientationLandscapeRight";
				INFOPLIST_KEY_UISupportedInterfaceOrientations_iPhone = "UIInterfaceOrientationPortrait UIInterfaceOrientationLandscapeLeft UIInterfaceOrientationLandscapeRight";
				LD_RUNPATH_SEARCH_PATHS = (
					"$(inherited)",
					"@executable_path/Frameworks",
				);
				MARKETING_VERSION = 1.0;
				PRODUCT_BUNDLE_IDENTIFIER = test.LittleLemonDinnerMenu;
				PRODUCT_NAME = "$(TARGET_NAME)";
				SWIFT_EMIT_LOC_STRINGS = YES;
				SWIFT_VERSION = 5.0;
				TARGETED_DEVICE_FAMILY = "1,2";
			};
			name = Debug;
		};
		77E9D1442C2AA76A005662F8 /* Release */ = {
			isa = XCBuildConfiguration;
			buildSettings = {
				ASSETCATALOG_COMPILER_APPICON_NAME = AppIcon;
				ASSETCATALOG_COMPILER_GLOBAL_ACCENT_COLOR_NAME = AccentColor;
				CODE_SIGN_STYLE = Automatic;
				CURRENT_PROJECT_VERSION = 1;
				DEVELOPMENT_ASSET_PATHS = "\"LittleLemonDinnerMenu/Preview Content\"";
				DEVELOPMENT_TEAM = DMG8YS4ZJL;
				ENABLE_PREVIEWS = YES;
				GENERATE_INFOPLIST_FILE = YES;
				INFOPLIST_KEY_UIApplicationSceneManifest_Generation = YES;
				INFOPLIST_KEY_UIApplicationSupportsIndirectInputEvents = YES;
				INFOPLIST_KEY_UILaunchScreen_Generation = YES;
				INFOPLIST_KEY_UISupportedInterfaceOrientations_iPad = "UIInterfaceOrientationPortrait UIInterfaceOrientationPortraitUpsideDown UIInterfaceOrientationLandscapeLeft UIInterfaceOrientationLandscapeRight";
				INFOPLIST_KEY_UISupportedInterfaceOrientations_iPhone = "UIInterfaceOrientationPortrait UIInterfaceOrientationLandscapeLeft UIInterfaceOrientationLandscapeRight";
				LD_RUNPATH_SEARCH_PATHS = (
					"$(inherited)",
					"@executable_path/Frameworks",
				);
				MARKETING_VERSION = 1.0;
				PRODUCT_BUNDLE_IDENTIFIER = test.LittleLemonDinnerMenu;
				PRODUCT_NAME = "$(TARGET_NAME)";
				SWIFT_EMIT_LOC_STRINGS = YES;
				SWIFT_VERSION = 5.0;
				TARGETED_DEVICE_FAMILY = "1,2";
			};
			name = Release;
		};
		77E9D1462C2AA76A005662F8 /* Debug */ = {
			isa = XCBuildConfiguration;
			buildSettings = {
				ALWAYS_EMBED_SWIFT_STANDARD_LIBRARIES = YES;
				BUNDLE_LOADER = "$(TEST_HOST)";
				CODE_SIGN_STYLE = Automatic;
				CURRENT_PROJECT_VERSION = 1;
				DEVELOPMENT_TEAM = DMG8YS4ZJL;
				GENERATE_INFOPLIST_FILE = YES;
				IPHONEOS_DEPLOYMENT_TARGET = 17.5;
				MARKETING_VERSION = 1.0;
				PRODUCT_BUNDLE_IDENTIFIER = test.LittleLemonDinnerMenuTests;
				PRODUCT_NAME = "$(TARGET_NAME)";
				SWIFT_EMIT_LOC_STRINGS = NO;
				SWIFT_VERSION = 5.0;
				TARGETED_DEVICE_FAMILY = "1,2";
				TEST_HOST = "$(BUILT_PRODUCTS_DIR)/LittleLemonDinnerMenu.app/$(BUNDLE_EXECUTABLE_FOLDER_PATH)/LittleLemonDinnerMenu";
			};
			name = Debug;
		};
		77E9D1472C2AA76A005662F8 /* Release */ = {
			isa = XCBuildConfiguration;
			buildSettings = {
				ALWAYS_EMBED_SWIFT_STANDARD_LIBRARIES = YES;
				BUNDLE_LOADER = "$(TEST_HOST)";
				CODE_SIGN_STYLE = Automatic;
				CURRENT_PROJECT_VERSION = 1;
				DEVELOPMENT_TEAM = DMG8YS4ZJL;
				GENERATE_INFOPLIST_FILE = YES;
				IPHONEOS_DEPLOYMENT_TARGET = 17.5;
				MARKETING_VERSION = 1.0;
				PRODUCT_BUNDLE_IDENTIFIER = test.LittleLemonDinnerMenuTests;
				PRODUCT_NAME = "$(TARGET_NAME)";
				SWIFT_EMIT_LOC_STRINGS = NO;
				SWIFT_VERSION = 5.0;
				TARGETED_DEVICE_FAMILY = "1,2";
				TEST_HOST = "$(BUILT_PRODUCTS_DIR)/LittleLemonDinnerMenu.app/$(BUNDLE_EXECUTABLE_FOLDER_PATH)/LittleLemonDinnerMenu";
			};
			name = Release;
		};
		77E9D1492C2AA76A005662F8 /* Debug */ = {
			isa = XCBuildConfiguration;
			buildSettings = {
				ALWAYS_EMBED_SWIFT_STANDARD_LIBRARIES = YES;
				CODE_SIGN_STYLE = Automatic;
				CURRENT_PROJECT_VERSION = 1;
				DEVELOPMENT_TEAM = DMG8YS4ZJL;
				GENERATE_INFOPLIST_FILE = YES;
				MARKETING_VERSION = 1.0;
				PRODUCT_BUNDLE_IDENTIFIER = test.LittleLemonDinnerMenuUITests;
				PRODUCT_NAME = "$(TARGET_NAME)";
				SWIFT_EMIT_LOC_STRINGS = NO;
				SWIFT_VERSION = 5.0;
				TARGETED_DEVICE_FAMILY = "1,2";
				TEST_TARGET_NAME = LittleLemonDinnerMenu;
			};
			name = Debug;
		};
		77E9D14A2C2AA76A005662F8 /* Release */ = {
			isa = XCBuildConfiguration;
			buildSettings = {
				ALWAYS_EMBED_SWIFT_STANDARD_LIBRARIES = YES;
				CODE_SIGN_STYLE = Automatic;
				CURRENT_PROJECT_VERSION = 1;
				DEVELOPMENT_TEAM = DMG8YS4ZJL;
				GENERATE_INFOPLIST_FILE = YES;
				MARKETING_VERSION = 1.0;
				PRODUCT_BUNDLE_IDENTIFIER = test.LittleLemonDinnerMenuUITests;
				PRODUCT_NAME = "$(TARGET_NAME)";
				SWIFT_EMIT_LOC_STRINGS = NO;
				SWIFT_VERSION = 5.0;
				TARGETED_DEVICE_FAMILY = "1,2";
				TEST_TARGET_NAME = LittleLemonDinnerMenu;
			};
			name = Release;
		};
/* End XCBuildConfiguration section */

/* Begin XCConfigurationList section */
		77E9D1192C2AA768005662F8 /* Build configuration list for PBXProject "LittleLemonDinnerMenu" */ = {
			isa = XCConfigurationList;
			buildConfigurations = (
				77E9D1402C2AA76A005662F8 /* Debug */,
				77E9D1412C2AA76A005662F8 /* Release */,
			);
			defaultConfigurationIsVisible = 0;
			defaultConfigurationName = Release;
		};
		77E9D1422C2AA76A005662F8 /* Build configuration list for PBXNativeTarget "LittleLemonDinnerMenu" */ = {
			isa = XCConfigurationList;
			buildConfigurations = (
				77E9D1432C2AA76A005662F8 /* Debug */,
				77E9D1442C2AA76A005662F8 /* Release */,
			);
			defaultConfigurationIsVisible = 0;
			defaultConfigurationName = Release;
		};
		77E9D1452C2AA76A005662F8 /* Build configuration list for PBXNativeTarget "LittleLemonDinnerMenuTests" */ = {
			isa = XCConfigurationList;
			buildConfigurations = (
				77E9D1462C2AA76A005662F8 /* Debug */,
				77E9D1472C2AA76A005662F8 /* Release */,
			);
			defaultConfigurationIsVisible = 0;
			defaultConfigurationName = Release;
		};
		77E9D1482C2AA76A005662F8 /* Build configuration list for PBXNativeTarget "LittleLemonDinnerMenuUITests" */ = {
			isa = XCConfigurationList;
			buildConfigurations = (
				77E9D1492C2AA76A005662F8 /* Debug */,
				77E9D14A2C2AA76A005662F8 /* Release */,
			);
			defaultConfigurationIsVisible = 0;
			defaultConfigurationName = Release;
		};
/* End XCConfigurationList section */
	};
	rootObject = 77E9D1162C2AA768005662F8 /* Project object */;
}
